{
  "version": "1.0.0",
  "lockfileVersion": 1,
  "requires": true,
  "dependencies": {
    "@types/node": {
      "version": "15.12.5",
      "resolved": "https://registry.nlark.com/@types/node/download/@types/node-15.12.5.tgz?cache=0&sync_timestamp=1624762997005&other_urls=https%3A%2F%2Fregistry.nlark.com%2F%40types%2Fnode%2Fdownload%2F%40types%2Fnode-15.12.5.tgz",
      "integrity": "sha1-mngxikXXXJUj0jlhMb08ylSy0YU=",
      "dev": true
    },
    "rn-app": {
      "version": "0.1.0",
      "resolved": "https://registry.npm.taobao.org/rn-app/download/rn-app-0.1.0.tgz",
      "integrity": "sha1-uhHpem9gw1Tl+sxiBxHEv0HQno0="
    }
  }
}
